// !$*UTF8*$!
{
	archiveVersion = 1;
	classes = {
	};
	objectVersion = 46;
	objects = {

/* Begin PBXBuildFile section */
		5D4540FF1F19B54500579C68 /* main.m in Sources */ = {isa = PBXBuildFile; fileRef = 5D4540FE1F19B54400579C68 /* main.m */; };
		5D4541021F19B54500579C68 /* AppDelegate.m in Sources */ = {isa = PBXBuildFile; fileRef = 5D4541011F19B54500579C68 /* AppDelegate.m */; };
		5D4541051F19B54500579C68 /* ViewController.m in Sources */ = {isa = PBXBuildFile; fileRef = 5D4541041F19B54500579C68 /* ViewController.m */; };
		5D4541081F19B54500579C68 /* Main.storyboard in Resources */ = {isa = PBXBuildFile; fileRef = 5D4541061F19B54500579C68 /* Main.storyboard */; };
		5D45410A1F19B54500579C68 /* Assets.xcassets in Resources */ = {isa = PBXBuildFile; fileRef = 5D4541091F19B54500579C68 /* Assets.xcassets */; };
		5D45410D1F19B54500579C68 /* LaunchScreen.storyboard in Resources */ = {isa = PBXBuildFile; fileRef = 5D45410B1F19B54500579C68 /* LaunchScreen.storyboard */; };
		5D4541181F19B54500579C68 /* ZHVerifyCodeCountDownTests.m in Sources */ = {isa = PBXBuildFile; fileRef = 5D4541171F19B54500579C68 /* ZHVerifyCodeCountDownTests.m */; };
		5D4541231F19B54500579C68 /* ZHVerifyCodeCountDownUITests.m in Sources */ = {isa = PBXBuildFile; fileRef = 5D4541221F19B54500579C68 /* ZHVerifyCodeCountDownUITests.m */; };
		5D4541361F19BA2100579C68 /* UILabel+Category.m in Sources */ = {isa = PBXBuildFile; fileRef = 5D4541351F19BA2100579C68 /* UILabel+Category.m */; };
		5D4541391F19BA3700579C68 /* ZHTools.m in Sources */ = {isa = PBXBuildFile; fileRef = 5D4541381F19BA3700579C68 /* ZHTools.m */; };
		5D4541411F19BA8E00579C68 /* UITableView+SDAutoTableViewCellHeight.m in Sources */ = {isa = PBXBuildFile; fileRef = 5D45413E1F19BA8E00579C68 /* UITableView+SDAutoTableViewCellHeight.m */; };
		5D4541421F19BA8E00579C68 /* UIView+SDAutoLayout.m in Sources */ = {isa = PBXBuildFile; fileRef = 5D4541401F19BA8E00579C68 /* UIView+SDAutoLayout.m */; };
		5D4541451F19BC2F00579C68 /* UIButton+Category.m in Sources */ = {isa = PBXBuildFile; fileRef = 5D4541441F19BC2F00579C68 /* UIButton+Category.m */; };
		5D4541481F19BC3700579C68 /* UITextField+Category.m in Sources */ = {isa = PBXBuildFile; fileRef = 5D4541471F19BC3700579C68 /* UITextField+Category.m */; };
/* End PBXBuildFile section */

/* Begin PBXContainerItemProxy section */
		5D4541141F19B54500579C68 /* PBXContainerItemProxy */ = {
			isa = PBXContainerItemProxy;
			containerPortal = 5D4540F21F19B54400579C68 /* Project object */;
			proxyType = 1;
			remoteGlobalIDString = 5D4540F91F19B54400579C68;
			remoteInfo = ZHVerifyCodeCountDown;
		};
		5D45411F1F19B54500579C68 /* PBXContainerItemProxy */ = {
			isa = PBXContainerItemProxy;
			containerPortal = 5D4540F21F19B54400579C68 /* Project object */;
			proxyType = 1;
			remoteGlobalIDString = 5D4540F91F19B54400579C68;
			remoteInfo = ZHVerifyCodeCountDown;
		};
/* End PBXContainerItemProxy section */

/* Begin PBXFileReference section */
		5D4540FA1F19B54400579C68 /* ZHVerifyCodeCountDown.app */ = {isa = PBXFileReference; explicitFileType = wrapper.application; includeInIndex = 0; path = ZHVerifyCodeCountDown.app; sourceTree = BUILT_PRODUCTS_DIR; };
		5D4540FE1F19B54400579C68 /* main.m */ = {isa = PBXFileReference; lastKnownFileType = sourcecode.c.objc; path = main.m; sourceTree = "<group>"; };
		5D4541001F19B54500579C68 /* AppDelegate.h */ = {isa = PBXFileReference; lastKnownFileType = sourcecode.c.h; path = AppDelegate.h; sourceTree = "<group>"; };
		5D4541011F19B54500579C68 /* AppDelegate.m */ = {isa = PBXFileReference; lastKnownFileType = sourcecode.c.objc; path = AppDelegate.m; sourceTree = "<group>"; };
		5D4541031F19B54500579C68 /* ViewController.h */ = {isa = PBXFileReference; lastKnownFileType = sourcecode.c.h; path = ViewController.h; sourceTree = "<group>"; };
		5D4541041F19B54500579C68 /* ViewController.m */ = {isa = PBXFileReference; lastKnownFileType = sourcecode.c.objc; path = ViewController.m; sourceTree = "<group>"; };
		5D4541071F19B54500579C68 /* Base */ = {isa = PBXFileReference; lastKnownFileType = file.storyboard; name = Base; path = Base.lproj/Main.storyboard; sourceTree = "<group>"; };
		5D4541091F19B54500579C68 /* Assets.xcassets */ = {isa = PBXFileReference; lastKnownFileType = folder.assetcatalog; path = Assets.xcassets; sourceTree = "<group>"; };
		5D45410C1F19B54500579C68 /* Base */ = {isa = PBXFileReference; lastKnownFileType = file.storyboard; name = Base; path = Base.lproj/LaunchScreen.storyboard; sourceTree = "<group>"; };
		5D45410E1F19B54500579C68 /* Info.plist */ = {isa = PBXFileReference; lastKnownFileType = text.plist.xml; path = Info.plist; sourceTree = "<group>"; };
		5D4541131F19B54500579C68 /* ZHVerifyCodeCountDownTests.xctest */ = {isa = PBXFileReference; explicitFileType = wrapper.cfbundle; includeInIndex = 0; path = ZHVerifyCodeCountDownTests.xctest; sourceTree = BUILT_PRODUCTS_DIR; };
		5D4541171F19B54500579C68 /* ZHVerifyCodeCountDownTests.m */ = {isa = PBXFileReference; lastKnownFileType = sourcecode.c.objc; path = ZHVerifyCodeCountDownTests.m; sourceTree = "<group>"; };
		5D4541191F19B54500579C68 /* Info.plist */ = {isa = PBXFileReference; lastKnownFileType = text.plist.xml; path = Info.plist; sourceTree = "<group>"; };
		5D45411E1F19B54500579C68 /* ZHVerifyCodeCountDownUITests.xctest */ = {isa = PBXFileReference; explicitFileType = wrapper.cfbundle; includeInIndex = 0; path = ZHVerifyCodeCountDownUITests.xctest; sourceTree = BUILT_PRODUCTS_DIR; };
		5D4541221F19B54500579C68 /* ZHVerifyCodeCountDownUITests.m */ = {isa = PBXFileReference; lastKnownFileType = sourcecode.c.objc; path = ZHVerifyCodeCountDownUITests.m; sourceTree = "<group>"; };
		5D4541241F19B54500579C68 /* Info.plist */ = {isa = PBXFileReference; lastKnownFileType = text.plist.xml; path = Info.plist; sourceTree = "<group>"; };
		5D4541341F19BA2100579C68 /* UILabel+Category.h */ = {isa = PBXFileReference; fileEncoding = 4; lastKnownFileType = sourcecode.c.h; path = "UILabel+Category.h"; sourceTree = "<group>"; };
		5D4541351F19BA2100579C68 /* UILabel+Category.m */ = {isa = PBXFileReference; fileEncoding = 4; lastKnownFileType = sourcecode.c.objc; path = "UILabel+Category.m"; sourceTree = "<group>"; };
		5D4541371F19BA3700579C68 /* ZHTools.h */ = {isa = PBXFileReference; fileEncoding = 4; lastKnownFileType = sourcecode.c.h; path = ZHTools.h; sourceTree = "<group>"; };
		5D4541381F19BA3700579C68 /* ZHTools.m */ = {isa = PBXFileReference; fileEncoding = 4; lastKnownFileType = sourcecode.c.objc; path = ZHTools.m; sourceTree = "<group>"; };
		5D45413C1F19BA8E00579C68 /* SDAutoLayout.h */ = {isa = PBXFileReference; fileEncoding = 4; lastKnownFileType = sourcecode.c.h; path = SDAutoLayout.h; sourceTree = "<group>"; };
		5D45413D1F19BA8E00579C68 /* UITableView+SDAutoTableViewCellHeight.h */ = {isa = PBXFileReference; fileEncoding = 4; lastKnownFileType = sourcecode.c.h; path = "UITableView+SDAutoTableViewCellHeight.h"; sourceTree = "<group>"; };
		5D45413E1F19BA8E00579C68 /* UITableView+SDAutoTableViewCellHeight.m */ = {isa = PBXFileReference; fileEncoding = 4; lastKnownFileType = sourcecode.c.objc; path = "UITableView+SDAutoTableViewCellHeight.m"; sourceTree = "<group>"; };
		5D45413F1F19BA8E00579C68 /* UIView+SDAutoLayout.h */ = {isa = PBXFileReference; fileEncoding = 4; lastKnownFileType = sourcecode.c.h; path = "UIView+SDAutoLayout.h"; sourceTree = "<group>"; };
		5D4541401F19BA8E00579C68 /* UIView+SDAutoLayout.m */ = {isa = PBXFileReference; fileEncoding = 4; lastKnownFileType = sourcecode.c.objc; path = "UIView+SDAutoLayout.m"; sourceTree = "<group>"; };
		5D4541431F19BC2F00579C68 /* UIButton+Category.h */ = {isa = PBXFileReference; fileEncoding = 4; lastKnownFileType = sourcecode.c.h; path = "UIButton+Category.h"; sourceTree = "<group>"; };
		5D4541441F19BC2F00579C68 /* UIButton+Category.m */ = {isa = PBXFileReference; fileEncoding = 4; lastKnownFileType = sourcecode.c.objc; path = "UIButton+Category.m"; sourceTree = "<group>"; };
		5D4541461F19BC3700579C68 /* UITextField+Category.h */ = {isa = PBXFileReference; fileEncoding = 4; lastKnownFileType = sourcecode.c.h; path = "UITextField+Category.h"; sourceTree = "<group>"; };
		5D4541471F19BC3700579C68 /* UITextField+Category.m */ = {isa = PBXFileReference; fileEncoding = 4; lastKnownFileType = sourcecode.c.objc; path = "UITextField+Category.m"; sourceTree = "<group>"; };
		5D4541491F19BCC700579C68 /* ZHVerifyCodeCountDown.pch */ = {isa = PBXFileReference; lastKnownFileType = sourcecode.c.h; path = ZHVerifyCodeCountDown.pch; sourceTree = "<group>"; };
/* End PBXFileReference section */

/* Begin PBXFrameworksBuildPhase section */
		5D4540F71F19B54400579C68 /* Frameworks */ = {
			isa = PBXFrameworksBuildPhase;
			buildActionMask = 2147483647;
			files = (
			);
			runOnlyForDeploymentPostprocessing = 0;
		};
		5D4541101F19B54500579C68 /* Frameworks */ = {
			isa = PBXFrameworksBuildPhase;
			buildActionMask = 2147483647;
			files = (
			);
			runOnlyForDeploymentPostprocessing = 0;
		};
		5D45411B1F19B54500579C68 /* Frameworks */ = {
			isa = PBXFrameworksBuildPhase;
			buildActionMask = 2147483647;
			files = (
			);
			runOnlyForDeploymentPostprocessing = 0;
		};
/* End PBXFrameworksBuildPhase section */

/* Begin PBXGroup section */
		5D4540F11F19B54400579C68 = {
			isa = PBXGroup;
			children = (
				5D4540FC1F19B54400579C68 /* ZHVerifyCodeCountDown */,
				5D4541161F19B54500579C68 /* ZHVerifyCodeCountDownTests */,
				5D4541211F19B54500579C68 /* ZHVerifyCodeCountDownUITests */,
				5D4540FB1F19B54400579C68 /* Products */,
			);
			sourceTree = "<group>";
		};
		5D4540FB1F19B54400579C68 /* Products */ = {
			isa = PBXGroup;
			children = (
				5D4540FA1F19B54400579C68 /* ZHVerifyCodeCountDown.app */,
				5D4541131F19B54500579C68 /* ZHVerifyCodeCountDownTests.xctest */,
				5D45411E1F19B54500579C68 /* ZHVerifyCodeCountDownUITests.xctest */,
			);
			name = Products;
			sourceTree = "<group>";
		};
		5D4540FC1F19B54400579C68 /* ZHVerifyCodeCountDown */ = {
			isa = PBXGroup;
			children = (
				5D4541001F19B54500579C68 /* AppDelegate.h */,
				5D4541011F19B54500579C68 /* AppDelegate.m */,
				5D4541031F19B54500579C68 /* ViewController.h */,
				5D4541041F19B54500579C68 /* ViewController.m */,
				5D4541491F19BCC700579C68 /* ZHVerifyCodeCountDown.pch */,
				5D45413A1F19BA5F00579C68 /* Vender */,
				5D4541331F19BA1800579C68 /* Tools */,
				5D4541061F19B54500579C68 /* Main.storyboard */,
				5D4541091F19B54500579C68 /* Assets.xcassets */,
				5D45410B1F19B54500579C68 /* LaunchScreen.storyboard */,
				5D45410E1F19B54500579C68 /* Info.plist */,
				5D4540FD1F19B54400579C68 /* Supporting Files */,
			);
			path = ZHVerifyCodeCountDown;
			sourceTree = "<group>";
		};
		5D4540FD1F19B54400579C68 /* Supporting Files */ = {
			isa = PBXGroup;
			children = (
				5D4540FE1F19B54400579C68 /* main.m */,
			);
			name = "Supporting Files";
			sourceTree = "<group>";
		};
		5D4541161F19B54500579C68 /* ZHVerifyCodeCountDownTests */ = {
			isa = PBXGroup;
			children = (
				5D4541171F19B54500579C68 /* ZHVerifyCodeCountDownTests.m */,
				5D4541191F19B54500579C68 /* Info.plist */,
			);
			path = ZHVerifyCodeCountDownTests;
			sourceTree = "<group>";
		};
		5D4541211F19B54500579C68 /* ZHVerifyCodeCountDownUITests */ = {
			isa = PBXGroup;
			children = (
				5D4541221F19B54500579C68 /* ZHVerifyCodeCountDownUITests.m */,
				5D4541241F19B54500579C68 /* Info.plist */,
			);
			path = ZHVerifyCodeCountDownUITests;
			sourceTree = "<group>";
		};
		5D4541331F19BA1800579C68 /* Tools */ = {
			isa = PBXGroup;
			children = (
				5D4541371F19BA3700579C68 /* ZHTools.h */,
				5D4541381F19BA3700579C68 /* ZHTools.m */,
				5D4541341F19BA2100579C68 /* UILabel+Category.h */,
				5D4541351F19BA2100579C68 /* UILabel+Category.m */,
				5D4541431F19BC2F00579C68 /* UIButton+Category.h */,
				5D4541441F19BC2F00579C68 /* UIButton+Category.m */,
				5D4541461F19BC3700579C68 /* UITextField+Category.h */,
				5D4541471F19BC3700579C68 /* UITextField+Category.m */,
			);
			path = Tools;
			sourceTree = "<group>";
		};
		5D45413A1F19BA5F00579C68 /* Vender */ = {
			isa = PBXGroup;
			children = (
				5D45413B1F19BA8E00579C68 /* SDAutoLayout */,
			);
			path = Vender;
			sourceTree = "<group>";
		};
		5D45413B1F19BA8E00579C68 /* SDAutoLayout */ = {
			isa = PBXGroup;
			children = (
				5D45413C1F19BA8E00579C68 /* SDAutoLayout.h */,
				5D45413D1F19BA8E00579C68 /* UITableView+SDAutoTableViewCellHeight.h */,
				5D45413E1F19BA8E00579C68 /* UITableView+SDAutoTableViewCellHeight.m */,
				5D45413F1F19BA8E00579C68 /* UIView+SDAutoLayout.h */,
				5D4541401F19BA8E00579C68 /* UIView+SDAutoLayout.m */,
			);
			path = SDAutoLayout;
			sourceTree = "<group>";
		};
/* End PBXGroup section */

/* Begin PBXNativeTarget section */
		5D4540F91F19B54400579C68 /* ZHVerifyCodeCountDown */ = {
			isa = PBXNativeTarget;
			buildConfigurationList = 5D4541271F19B54500579C68 /* Build configuration list for PBXNativeTarget "ZHVerifyCodeCountDown" */;
			buildPhases = (
				5D4540F61F19B54400579C68 /* Sources */,
				5D4540F71F19B54400579C68 /* Frameworks */,
				5D4540F81F19B54400579C68 /* Resources */,
			);
			buildRules = (
			);
			dependencies = (
			);
			name = ZHVerifyCodeCountDown;
			productName = ZHVerifyCodeCountDown;
			productReference = 5D4540FA1F19B54400579C68 /* ZHVerifyCodeCountDown.app */;
			productType = "com.apple.product-type.application";
		};
		5D4541121F19B54500579C68 /* ZHVerifyCodeCountDownTests */ = {
			isa = PBXNativeTarget;
			buildConfigurationList = 5D45412A1F19B54500579C68 /* Build configuration list for PBXNativeTarget "ZHVerifyCodeCountDownTests" */;
			buildPhases = (
				5D45410F1F19B54500579C68 /* Sources */,
				5D4541101F19B54500579C68 /* Frameworks */,
				5D4541111F19B54500579C68 /* Resources */,
			);
			buildRules = (
			);
			dependencies = (
				5D4541151F19B54500579C68 /* PBXTargetDependency */,
			);
			name = ZHVerifyCodeCountDownTests;
			productName = ZHVerifyCodeCountDownTests;
			productReference = 5D4541131F19B54500579C68 /* ZHVerifyCodeCountDownTests.xctest */;
			productType = "com.apple.product-type.bundle.unit-test";
		};
		5D45411D1F19B54500579C68 /* ZHVerifyCodeCountDownUITests */ = {
			isa = PBXNativeTarget;
			buildConfigurationList = 5D45412D1F19B54500579C68 /* Build configuration list for PBXNativeTarget "ZHVerifyCodeCountDownUITests" */;
			buildPhases = (
				5D45411A1F19B54500579C68 /* Sources */,
				5D45411B1F19B54500579C68 /* Frameworks */,
				5D45411C1F19B54500579C68 /* Resources */,
			);
			buildRules = (
			);
			dependencies = (
				5D4541201F19B54500579C68 /* PBXTargetDependency */,
			);
			name = ZHVerifyCodeCountDownUITests;
			productName = ZHVerifyCodeCountDownUITests;
			productReference = 5D45411E1F19B54500579C68 /* ZHVerifyCodeCountDownUITests.xctest */;
			productType = "com.apple.product-type.bundle.ui-testing";
		};
/* End PBXNativeTarget section */

/* Begin PBXProject section */
		5D4540F21F19B54400579C68 /* Project object */ = {
			isa = PBXProject;
			attributes = {
				LastUpgradeCheck = 0830;
				ORGANIZATIONNAME = "曾浩";
				TargetAttributes = {
					5D4540F91F19B54400579C68 = {
						CreatedOnToolsVersion = 8.3.3;
						ProvisioningStyle = Automatic;
					};
					5D4541121F19B54500579C68 = {
						CreatedOnToolsVersion = 8.3.3;
						ProvisioningStyle = Automatic;
						TestTargetID = 5D4540F91F19B54400579C68;
					};
					5D45411D1F19B54500579C68 = {
						CreatedOnToolsVersion = 8.3.3;
						ProvisioningStyle = Automatic;
						TestTargetID = 5D4540F91F19B54400579C68;
					};
				};
			};
			buildConfigurationList = 5D4540F51F19B54400579C68 /* Build configuration list for PBXProject "ZHVerifyCodeCountDown" */;
			compatibilityVersion = "Xcode 3.2";
			developmentRegion = English;
			hasScannedForEncodings = 0;
			knownRegions = (
				en,
				Base,
			);
			mainGroup = 5D4540F11F19B54400579C68;
			productRefGroup = 5D4540FB1F19B54400579C68 /* Products */;
			projectDirPath = "";
			projectRoot = "";
			targets = (
				5D4540F91F19B54400579C68 /* ZHVerifyCodeCountDown */,
				5D4541121F19B54500579C68 /* ZHVerifyCodeCountDownTests */,
				5D45411D1F19B54500579C68 /* ZHVerifyCodeCountDownUITests */,
			);
		};
/* End PBXProject section */

/* Begin PBXResourcesBuildPhase section */
		5D4540F81F19B54400579C68 /* Resources */ = {
			isa = PBXResourcesBuildPhase;
			buildActionMask = 2147483647;
			files = (
				5D45410D1F19B54500579C68 /* LaunchScreen.storyboard in Resources */,
				5D45410A1F19B54500579C68 /* Assets.xcassets in Resources */,
				5D4541081F19B54500579C68 /* Main.storyboard in Resources */,
			);
			runOnlyForDeploymentPostprocessing = 0;
		};
		5D4541111F19B54500579C68 /* Resources */ = {
			isa = PBXResourcesBuildPhase;
			buildActionMask = 2147483647;
			files = (
			);
			runOnlyForDeploymentPostprocessing = 0;
		};
		5D45411C1F19B54500579C68 /* Resources */ = {
			isa = PBXResourcesBuildPhase;
			buildActionMask = 2147483647;
			files = (
			);
			runOnlyForDeploymentPostprocessing = 0;
		};
/* End PBXResourcesBuildPhase section */

/* Begin PBXSourcesBuildPhase section */
		5D4540F61F19B54400579C68 /* Sources */ = {
			isa = PBXSourcesBuildPhase;
			buildActionMask = 2147483647;
			files = (
				5D4541051F19B54500579C68 /* ViewController.m in Sources */,
				5D4541451F19BC2F00579C68 /* UIButton+Category.m in Sources */,
				5D4541421F19BA8E00579C68 /* UIView+SDAutoLayout.m in Sources */,
				5D4541391F19BA3700579C68 /* ZHTools.m in Sources */,
				5D4541021F19B54500579C68 /* AppDelegate.m in Sources */,
				5D4540FF1F19B54500579C68 /* main.m in Sources */,
				5D4541411F19BA8E00579C68 /* UITableView+SDAutoTableViewCellHeight.m in Sources */,
				5D4541361F19BA2100579C68 /* UILabel+Category.m in Sources */,
				5D4541481F19BC3700579C68 /* UITextField+Category.m in Sources */,
			);
			runOnlyForDeploymentPostprocessing = 0;
		};
		5D45410F1F19B54500579C68 /* Sources */ = {
			isa = PBXSourcesBuildPhase;
			buildActionMask = 2147483647;
			files = (
				5D4541181F19B54500579C68 /* ZHVerifyCodeCountDownTests.m in Sources */,
			);
			runOnlyForDeploymentPostprocessing = 0;
		};
		5D45411A1F19B54500579C68 /* Sources */ = {
			isa = PBXSourcesBuildPhase;
			buildActionMask = 2147483647;
			files = (
				5D4541231F19B54500579C68 /* ZHVerifyCodeCountDownUITests.m in Sources */,
			);
			runOnlyForDeploymentPostprocessing = 0;
		};
/* End PBXSourcesBuildPhase section */

/* Begin PBXTargetDependency section */
		5D4541151F19B54500579C68 /* PBXTargetDependency */ = {
			isa = PBXTargetDependency;
			target = 5D4540F91F19B54400579C68 /* ZHVerifyCodeCountDown */;
			targetProxy = 5D4541141F19B54500579C68 /* PBXContainerItemProxy */;
		};
		5D4541201F19B54500579C68 /* PBXTargetDependency */ = {
			isa = PBXTargetDependency;
			target = 5D4540F91F19B54400579C68 /* ZHVerifyCodeCountDown */;
			targetProxy = 5D45411F1F19B54500579C68 /* PBXContainerItemProxy */;
		};
/* End PBXTargetDependency section */

/* Begin PBXVariantGroup section */
		5D4541061F19B54500579C68 /* Main.storyboard */ = {
			isa = PBXVariantGroup;
			children = (
				5D4541071F19B54500579C68 /* Base */,
			);
			name = Main.storyboard;
			sourceTree = "<group>";
		};
		5D45410B1F19B54500579C68 /* LaunchScreen.storyboard */ = {
			isa = PBXVariantGroup;
			children = (
				5D45410C1F19B54500579C68 /* Base */,
			);
			name = LaunchScreen.storyboard;
			sourceTree = "<group>";
		};
/* End PBXVariantGroup section */

/* Begin XCBuildConfiguration section */
		5D4541251F19B54500579C68 /* Debug */ = {
			isa = XCBuildConfiguration;
			buildSettings = {
				ALWAYS_SEARCH_USER_PATHS = NO;
				CLANG_ANALYZER_NONNULL = YES;
				CLANG_ANALYZER_NUMBER_OBJECT_CONVERSION = YES_AGGRESSIVE;
				CLANG_CXX_LANGUAGE_STANDARD = "gnu++0x";
				CLANG_CXX_LIBRARY = "libc++";
				CLANG_ENABLE_MODULES = YES;
				CLANG_ENABLE_OBJC_ARC = YES;
				CLANG_WARN_BOOL_CONVERSION = YES;
				CLANG_WARN_CONSTANT_CONVERSION = YES;
				CLANG_WARN_DIRECT_OBJC_ISA_USAGE = YES_ERROR;
				CLANG_WARN_DOCUMENTATION_COMMENTS = YES;
				CLANG_WARN_EMPTY_BODY = YES;
				CLANG_WARN_ENUM_CONVERSION = YES;
				CLANG_WARN_INFINITE_RECURSION = YES;
				CLANG_WARN_INT_CONVERSION = YES;
				CLANG_WARN_OBJC_ROOT_CLASS = YES_ERROR;
				CLANG_WARN_SUSPICIOUS_MOVE = YES;
				CLANG_WARN_UNREACHABLE_CODE = YES;
				CLANG_WARN__DUPLICATE_METHOD_MATCH = YES;
				"CODE_SIGN_IDENTITY[sdk=iphoneos*]" = "iPhone Developer";
				COPY_PHASE_STRIP = NO;
				DEBUG_INFORMATION_FORMAT = dwarf;
				ENABLE_STRICT_OBJC_MSGSEND = YES;
				ENABLE_TESTABILITY = YES;
				GCC_C_LANGUAGE_STANDARD = gnu99;
				GCC_DYNAMIC_NO_PIC = NO;
				GCC_NO_COMMON_BLOCKS = YES;
				GCC_OPTIMIZATION_LEVEL = 0;
				GCC_PREPROCESSOR_DEFINITIONS = (
					"DEBUG=1",
					"$(inherited)",
				);
				GCC_WARN_64_TO_32_BIT_CONVERSION = YES;
				GCC_WARN_ABOUT_RETURN_TYPE = YES_ERROR;
				GCC_WARN_UNDECLARED_SELECTOR = YES;
				GCC_WARN_UNINITIALIZED_AUTOS = YES_AGGRESSIVE;
				GCC_WARN_UNUSED_FUNCTION = YES;
				GCC_WARN_UNUSED_VARIABLE = YES;
				IPHONEOS_DEPLOYMENT_TARGET = 10.3;
				MTL_ENABLE_DEBUG_INFO = YES;
				ONLY_ACTIVE_ARCH = YES;
				SDKROOT = iphoneos;
			};
			name = Debug;
		};
		5D4541261F19B54500579C68 /* Release */ = {
			isa = XCBuildConfiguration;
			buildSettings = {
				ALWAYS_SEARCH_USER_PATHS = NO;
				CLANG_ANALYZER_NONNULL = YES;
				CLANG_ANALYZER_NUMBER_OBJECT_CONVERSION = YES_AGGRESSIVE;
				CLANG_CXX_LANGUAGE_STANDARD = "gnu++0x";
				CLANG_CXX_LIBRARY = "libc++";
				CLANG_ENABLE_MODULES = YES;
				CLANG_ENABLE_OBJC_ARC = YES;
				CLANG_WARN_BOOL_CONVERSION = YES;
				CLANG_WARN_CONSTANT_CONVERSION = YES;
				CLANG_WARN_DIRECT_OBJC_ISA_USAGE = YES_ERROR;
				CLANG_WARN_DOCUMENTATION_COMMENTS = YES;
				CLANG_WARN_EMPTY_BODY = YES;
				CLANG_WARN_ENUM_CONVERSION = YES;
				CLANG_WARN_INFINITE_RECURSION = YES;
				CLANG_WARN_INT_CONVERSION = YES;
				CLANG_WARN_OBJC_ROOT_CLASS = YES_ERROR;
				CLANG_WARN_SUSPICIOUS_MOVE = YES;
				CLANG_WARN_UNREACHABLE_CODE = YES;
				CLANG_WARN__DUPLICATE_METHOD_MATCH = YES;
				"CODE_SIGN_IDENTITY[sdk=iphoneos*]" = "iPhone Developer";
				COPY_PHASE_STRIP = NO;
				DEBUG_INFORMATION_FORMAT = "dwarf-with-dsym";
				ENABLE_NS_ASSERTIONS = NO;
				ENABLE_STRICT_OBJC_MSGSEND = YES;
				GCC_C_LANGUAGE_STANDARD = gnu99;
				GCC_NO_COMMON_BLOCKS = YES;
				GCC_WARN_64_TO_32_BIT_CONVERSION = YES;
				GCC_WARN_ABOUT_RETURN_TYPE = YES_ERROR;
				GCC_WARN_UNDECLARED_SELECTOR = YES;
				GCC_WARN_UNINITIALIZED_AUTOS = YES_AGGRESSIVE;
				GCC_WARN_UNUSED_FUNCTION = YES;
				GCC_WARN_UNUSED_VARIABLE = YES;
				IPHONEOS_DEPLOYMENT_TARGET = 10.3;
				MTL_ENABLE_DEBUG_INFO = NO;
				SDKROOT = iphoneos;
				VALIDATE_PRODUCT = YES;
			};
			name = Release;
		};
		5D4541281F19B54500579C68 /* Debug */ = {
			isa = XCBuildConfiguration;
			buildSettings = {
				ASSETCATALOG_COMPILER_APPICON_NAME = AppIcon;
				GCC_PREFIX_HEADER = "$(SRCROOT)/ZHVerifyCodeCountDown/ZHVerifyCodeCountDown.pch";
				INFOPLIST_FILE = ZHVerifyCodeCountDown/Info.plist;
				LD_RUNPATH_SEARCH_PATHS = "$(inherited) @executable_path/Frameworks";
				PRODUCT_BUNDLE_IDENTIFIER = com.shundiankeji.zh.ZHVerifyCodeCountDown;
				PRODUCT_NAME = "$(TARGET_NAME)";
			};
			name = Debug;
		};
		5D4541291F19B54500579C68 /* Release */ = {
			isa = XCBuildConfiguration;
			buildSettings = {
				ASSETCATALOG_COMPILER_APPICON_NAME = AppIcon;
				GCC_PREFIX_HEADER = "$(SRCROOT)/ZHVerifyCodeCountDown/ZHVerifyCodeCountDown.pch";
				INFOPLIST_FILE = ZHVerifyCodeCountDown/Info.plist;
				LD_RUNPATH_SEARCH_PATHS = "$(inherited) @executable_path/Frameworks";
				PRODUCT_BUNDLE_IDENTIFIER = com.shundiankeji.zh.ZHVerifyCodeCountDown;
				PRODUCT_NAME = "$(TARGET_NAME)";
			};
			name = Release;
		};
		5D45412B1F19B54500579C68 /* Debug */ = {
			isa = XCBuildConfiguration;
			buildSettings = {
				BUNDLE_LOADER = "$(TEST_HOST)";
				INFOPLIST_FILE = ZHVerifyCodeCountDownTests/Info.plist;
				LD_RUNPATH_SEARCH_PATHS = "$(inherited) @executable_path/Frameworks @loader_path/Frameworks";
				PRODUCT_BUNDLE_IDENTIFIER = com.shundiankeji.zh.ZHVerifyCodeCountDownTests;
				PRODUCT_NAME = "$(TARGET_NAME)";
				TEST_HOST = "$(BUILT_PRODUCTS_DIR)/ZHVerifyCodeCountDown.app/ZHVerifyCodeCountDown";
			};
			name = Debug;
		};
		5D45412C1F19B54500579C68 /* Release */ = {
			isa = XCBuildConfiguration;
			buildSettings = {
				BUNDLE_LOADER = "$(TEST_HOST)";
				INFOPLIST_FILE = ZHVerifyCodeCountDownTests/Info.plist;
				LD_RUNPATH_SEARCH_PATHS = "$(inherited) @executable_path/Frameworks @loader_path/Frameworks";
				PRODUCT_BUNDLE_IDENTIFIER = com.shundiankeji.zh.ZHVerifyCodeCountDownTests;
				PRODUCT_NAME = "$(TARGET_NAME)";
				TEST_HOST = "$(BUILT_PRODUCTS_DIR)/ZHVerifyCodeCountDown.app/ZHVerifyCodeCountDown";
			};
			name = Release;
		};
		5D45412E1F19B54500579C68 /* Debug */ = {
			isa = XCBuildConfiguration;
			buildSettings = {
				INFOPLIST_FILE = ZHVerifyCodeCountDownUITests/Info.plist;
				LD_RUNPATH_SEARCH_PATHS = "$(inherited) @executable_path/Frameworks @loader_path/Frameworks";
				PRODUCT_BUNDLE_IDENTIFIER = com.shundiankeji.zh.ZHVerifyCodeCountDownUITests;
				PRODUCT_NAME = "$(TARGET_NAME)";
				TEST_TARGET_NAME = ZHVerifyCodeCountDown;
			};
			name = Debug;
		};
		5D45412F1F19B54500579C68 /* Release */ = {
			isa = XCBuildConfiguration;
			buildSettings = {
				INFOPLIST_FILE = ZHVerifyCodeCountDownUITests/Info.plist;
				LD_RUNPATH_SEARCH_PATHS = "$(inherited) @executable_path/Frameworks @loader_path/Frameworks";
				PRODUCT_BUNDLE_IDENTIFIER = com.shundiankeji.zh.ZHVerifyCodeCountDownUITests;
				PRODUCT_NAME = "$(TARGET_NAME)";
				TEST_TARGET_NAME = ZHVerifyCodeCountDown;
			};
			name = Release;
		};
/* End XCBuildConfiguration section */

/* Begin XCConfigurationList section */
		5D4540F51F19B54400579C68 /* Build configuration list for PBXProject "ZHVerifyCodeCountDown" */ = {
			isa = XCConfigurationList;
			buildConfigurations = (
				5D4541251F19B54500579C68 /* Debug */,
				5D4541261F19B54500579C68 /* Release */,
			);
			defaultConfigurationIsVisible = 0;
			defaultConfigurationName = Release;
		};
		5D4541271F19B54500579C68 /* Build configuration list for PBXNativeTarget "ZHVerifyCodeCountDown" */ = {
			isa = XCConfigurationList;
			buildConfigurations = (
				5D4541281F19B54500579C68 /* Debug */,
				5D4541291F19B54500579C68 /* Release */,
			);
			defaultConfigurationIsVisible = 0;
		};
		5D45412A1F19B54500579C68 /* Build configuration list for PBXNativeTarget "ZHVerifyCodeCountDownTests" */ = {
			isa = XCConfigurationList;
			buildConfigurations = (
				5D45412B1F19B54500579C68 /* Debug */,
				5D45412C1F19B54500579C68 /* Release */,
			);
			defaultConfigurationIsVisible = 0;
		};
		5D45412D1F19B54500579C68 /* Build configuration list for PBXNativeTarget "ZHVerifyCodeCountDownUITests" */ = {
			isa = XCConfigurationList;
			buildConfigurations = (
				5D45412E1F19B54500579C68 /* Debug */,
				5D45412F1F19B54500579C68 /* Release */,
			);
			defaultConfigurationIsVisible = 0;
		};
/* End XCConfigurationList section */
	};
	rootObject = 5D4540F21F19B54400579C68 /* Project object */;
}
